
Microsoft Visual Studio Solution File, Format Version 12.00
# Visual Studio Version 17
VisualStudioVersion = 17.9.34616.47
MinimumVisualStudioVersion = 10.0.40219.1
Project("{FAE04EC0-301F-11D3-BF4B-00C04F79EFBC}") = "CsvToSqlTest", "CsvToSqlTest\CsvToSqlTest.csproj", "{903FD6C4-4522-422B-AC9A-36BE52813668}"
EndProject
Global
	GlobalSection(SolutionConfigurationPlatforms) = preSolution
		Debug|Any CPU = Debug|Any CPU
		Release|Any CPU = Release|Any CPU
	EndGlobalSection
	GlobalSection(ProjectConfigurationPlatforms) = postSolution
		{903FD6C4-4522-422B-AC9A-36BE52813668}.Debug|Any CPU.ActiveCfg = Debug|Any CPU
		{903FD6C4-4522-422B-AC9A-36BE52813668}.Debug|Any CPU.Build.0 = Debug|Any CPU
		{903FD6C4-4522-422B-AC9A-36BE52813668}.Release|Any CPU.ActiveCfg = Release|Any CPU
		{903FD6C4-4522-422B-AC9A-36BE52813668}.Release|Any CPU.Build.0 = Release|Any CPU
	EndGlobalSection
	GlobalSection(SolutionProperties) = preSolution
		HideSolutionNode = FALSE
	EndGlobalSection
	GlobalSection(ExtensibilityGlobals) = postSolution
		SolutionGuid = {EF2BE295-698B-4F76-8C7E-AD2EA4EA1251}
	EndGlobalSection
EndGlobal
